
Microsoft Visual Studio Solution File, Format Version 12.00
# Visual Studio Version 17
VisualStudioVersion = 17.8.34322.80
MinimumVisualStudioVersion = 10.0.40219.1
Project("{FAE04EC0-301F-11D3-BF4B-00C04F79EFBC}") = "UTE UWP+", "UTE UWP+\UTE UWP+.csproj", "{73B4987B-140D-4D2E-92C6-EA7A290D146C}"
EndProject
Project("{9A19103F-16F7-4668-BE54-9A1E7A4F7556}") = "UTE UWP+.Core", "UTE UWP+.Core\UTE UWP+.Core.csproj", "{19C9189B-7CEE-43BD-8E96-DA3CADB91BC0}"
EndProject
Global
	GlobalSection(SolutionConfigurationPlatforms) = preSolution
		Debug|Any CPU = Debug|Any CPU
		Debug|ARM = Debug|ARM
		Debug|ARM64 = Debug|ARM64
		Debug|x64 = Debug|x64
		Debug|x86 = Debug|x86
		Release|Any CPU = Release|Any CPU
		Release|ARM = Release|ARM
		Release|ARM64 = Release|ARM64
		Release|x64 = Release|x64
		Release|x86 = Release|x86
	EndGlobalSection
	GlobalSection(ProjectConfigurationPlatforms) = postSolution
		{73B4987B-140D-4D2E-92C6-EA7A290D146C}.Debug|Any CPU.ActiveCfg = Debug|x64
		{73B4987B-140D-4D2E-92C6-EA7A290D146C}.Debug|Any CPU.Build.0 = Debug|x64
		{73B4987B-140D-4D2E-92C6-EA7A290D146C}.Debug|Any CPU.Deploy.0 = Debug|x64
		{73B4987B-140D-4D2E-92C6-EA7A290D146C}.Debug|ARM.ActiveCfg = Debug|ARM
		{73B4987B-140D-4D2E-92C6-EA7A290D146C}.Debug|ARM.Build.0 = Debug|ARM
		{73B4987B-140D-4D2E-92C6-EA7A290D146C}.Debug|ARM.Deploy.0 = Debug|ARM
		{73B4987B-140D-4D2E-92C6-EA7A290D146C}.Debug|ARM64.ActiveCfg = Debug|ARM64
		{73B4987B-140D-4D2E-92C6-EA7A290D146C}.Debug|ARM64.Build.0 = Debug|ARM64
		{73B4987B-140D-4D2E-92C6-EA7A290D146C}.Debug|ARM64.Deploy.0 = Debug|ARM64
		{73B4987B-140D-4D2E-92C6-EA7A290D146C}.Debug|x64.ActiveCfg = Debug|x64
		{73B4987B-140D-4D2E-92C6-EA7A290D146C}.Debug|x64.Build.0 = Debug|x64
		{73B4987B-140D-4D2E-92C6-EA7A290D146C}.Debug|x64.Deploy.0 = Debug|x64
		{73B4987B-140D-4D2E-92C6-EA7A290D146C}.Debug|x86.ActiveCfg = Debug|x86
		{73B4987B-140D-4D2E-92C6-EA7A290D146C}.Debug|x86.Build.0 = Debug|x86
		{73B4987B-140D-4D2E-92C6-EA7A290D146C}.Debug|x86.Deploy.0 = Debug|x86
		{73B4987B-140D-4D2E-92C6-EA7A290D146C}.Release|Any CPU.ActiveCfg = Release|x64
		{73B4987B-140D-4D2E-92C6-EA7A290D146C}.Release|Any CPU.Build.0 = Release|x64
		{73B4987B-140D-4D2E-92C6-EA7A290D146C}.Release|Any CPU.Deploy.0 = Release|x64
		{73B4987B-140D-4D2E-92C6-EA7A290D146C}.Release|ARM.ActiveCfg = Release|ARM
		{73B4987B-140D-4D2E-92C6-EA7A290D146C}.Release|ARM.Build.0 = Release|ARM
		{73B4987B-140D-4D2E-92C6-EA7A290D146C}.Release|ARM.Deploy.0 = Release|ARM
		{73B4987B-140D-4D2E-92C6-EA7A290D146C}.Release|ARM64.ActiveCfg = Release|ARM64
		{73B4987B-140D-4D2E-92C6-EA7A290D146C}.Release|ARM64.Build.0 = Release|ARM64
		{73B4987B-140D-4D2E-92C6-EA7A290D146C}.Release|ARM64.Deploy.0 = Release|ARM64
		{73B4987B-140D-4D2E-92C6-EA7A290D146C}.Release|x64.ActiveCfg = Release|x64
		{73B4987B-140D-4D2E-92C6-EA7A290D146C}.Release|x64.Build.0 = Release|x64
		{73B4987B-140D-4D2E-92C6-EA7A290D146C}.Release|x64.Deploy.0 = Release|x64
		{73B4987B-140D-4D2E-92C6-EA7A290D146C}.Release|x86.ActiveCfg = Release|x86
		{73B4987B-140D-4D2E-92C6-EA7A290D146C}.Release|x86.Build.0 = Release|x86
		{73B4987B-140D-4D2E-92C6-EA7A290D146C}.Release|x86.Deploy.0 = Release|x86
		{19C9189B-7CEE-43BD-8E96-DA3CADB91BC0}.Debug|Any CPU.ActiveCfg = Debug|Any CPU
		{19C9189B-7CEE-43BD-8E96-DA3CADB91BC0}.Debug|Any CPU.Build.0 = Debug|Any CPU
		{19C9189B-7CEE-43BD-8E96-DA3CADB91BC0}.Debug|ARM.ActiveCfg = Debug|Any CPU
		{19C9189B-7CEE-43BD-8E96-DA3CADB91BC0}.Debug|ARM.Build.0 = Debug|Any CPU
		{19C9189B-7CEE-43BD-8E96-DA3CADB91BC0}.Debug|ARM64.ActiveCfg = Debug|Any CPU
		{19C9189B-7CEE-43BD-8E96-DA3CADB91BC0}.Debug|ARM64.Build.0 = Debug|Any CPU
		{19C9189B-7CEE-43BD-8E96-DA3CADB91BC0}.Debug|x64.ActiveCfg = Debug|Any CPU
		{19C9189B-7CEE-43BD-8E96-DA3CADB91BC0}.Debug|x64.Build.0 = Debug|Any CPU
		{19C9189B-7CEE-43BD-8E96-DA3CADB91BC0}.Debug|x86.ActiveCfg = Debug|Any CPU
		{19C9189B-7CEE-43BD-8E96-DA3CADB91BC0}.Debug|x86.Build.0 = Debug|Any CPU
		{19C9189B-7CEE-43BD-8E96-DA3CADB91BC0}.Release|Any CPU.ActiveCfg = Release|Any CPU
		{19C9189B-7CEE-43BD-8E96-DA3CADB91BC0}.Release|Any CPU.Build.0 = Release|Any CPU
		{19C9189B-7CEE-43BD-8E96-DA3CADB91BC0}.Release|ARM.ActiveCfg = Release|Any CPU
		{19C9189B-7CEE-43BD-8E96-DA3CADB91BC0}.Release|ARM.Build.0 = Release|Any CPU
		{19C9189B-7CEE-43BD-8E96-DA3CADB91BC0}.Release|ARM64.ActiveCfg = Release|Any CPU
		{19C9189B-7CEE-43BD-8E96-DA3CADB91BC0}.Release|ARM64.Build.0 = Release|Any CPU
		{19C9189B-7CEE-43BD-8E96-DA3CADB91BC0}.Release|x64.ActiveCfg = Release|Any CPU
		{19C9189B-7CEE-43BD-8E96-DA3CADB91BC0}.Release|x64.Build.0 = Release|Any CPU
		{19C9189B-7CEE-43BD-8E96-DA3CADB91BC0}.Release|x86.ActiveCfg = Release|Any CPU
		{19C9189B-7CEE-43BD-8E96-DA3CADB91BC0}.Release|x86.Build.0 = Release|Any CPU
		{FF1EEBE0-AB84-4B40-A612-44AFB84D2C34}.Debug|Any CPU.ActiveCfg = Debug|x64
		{FF1EEBE0-AB84-4B40-A612-44AFB84D2C34}.Debug|Any CPU.Build.0 = Debug|x64
		{FF1EEBE0-AB84-4B40-A612-44AFB84D2C34}.Debug|ARM.ActiveCfg = Debug|x64
		{FF1EEBE0-AB84-4B40-A612-44AFB84D2C34}.Debug|ARM.Build.0 = Debug|x64
		{FF1EEBE0-AB84-4B40-A612-44AFB84D2C34}.Debug|ARM64.ActiveCfg = Debug|arm64
		{FF1EEBE0-AB84-4B40-A612-44AFB84D2C34}.Debug|ARM64.Build.0 = Debug|arm64
		{FF1EEBE0-AB84-4B40-A612-44AFB84D2C34}.Debug|x64.ActiveCfg = Debug|x64
		{FF1EEBE0-AB84-4B40-A612-44AFB84D2C34}.Debug|x64.Build.0 = Debug|x64
		{FF1EEBE0-AB84-4B40-A612-44AFB84D2C34}.Debug|x86.ActiveCfg = Debug|x86
		{FF1EEBE0-AB84-4B40-A612-44AFB84D2C34}.Debug|x86.Build.0 = Debug|x86
		{FF1EEBE0-AB84-4B40-A612-44AFB84D2C34}.Release|Any CPU.ActiveCfg = Release|x64
		{FF1EEBE0-AB84-4B40-A612-44AFB84D2C34}.Release|Any CPU.Build.0 = Release|x64
		{FF1EEBE0-AB84-4B40-A612-44AFB84D2C34}.Release|ARM.ActiveCfg = Release|x64
		{FF1EEBE0-AB84-4B40-A612-44AFB84D2C34}.Release|ARM.Build.0 = Release|x64
		{FF1EEBE0-AB84-4B40-A612-44AFB84D2C34}.Release|ARM64.ActiveCfg = Release|arm64
		{FF1EEBE0-AB84-4B40-A612-44AFB84D2C34}.Release|ARM64.Build.0 = Release|arm64
		{FF1EEBE0-AB84-4B40-A612-44AFB84D2C34}.Release|x64.ActiveCfg = Release|x64
		{FF1EEBE0-AB84-4B40-A612-44AFB84D2C34}.Release|x64.Build.0 = Release|x64
		{FF1EEBE0-AB84-4B40-A612-44AFB84D2C34}.Release|x86.ActiveCfg = Release|x86
		{FF1EEBE0-AB84-4B40-A612-44AFB84D2C34}.Release|x86.Build.0 = Release|x86
		{C5269C6C-3A36-4946-83E9-EE8C994E333C}.Debug|Any CPU.ActiveCfg = Debug|Any CPU
		{C5269C6C-3A36-4946-83E9-EE8C994E333C}.Debug|Any CPU.Build.0 = Debug|Any CPU
		{C5269C6C-3A36-4946-83E9-EE8C994E333C}.Debug|ARM.ActiveCfg = Debug|Any CPU
		{C5269C6C-3A36-4946-83E9-EE8C994E333C}.Debug|ARM.Build.0 = Debug|Any CPU
		{C5269C6C-3A36-4946-83E9-EE8C994E333C}.Debug|ARM64.ActiveCfg = Debug|arm64
		{C5269C6C-3A36-4946-83E9-EE8C994E333C}.Debug|ARM64.Build.0 = Debug|arm64
		{C5269C6C-3A36-4946-83E9-EE8C994E333C}.Debug|x64.ActiveCfg = Debug|x64
		{C5269C6C-3A36-4946-83E9-EE8C994E333C}.Debug|x64.Build.0 = Debug|x64
		{C5269C6C-3A36-4946-83E9-EE8C994E333C}.Debug|x86.ActiveCfg = Debug|x86
		{C5269C6C-3A36-4946-83E9-EE8C994E333C}.Debug|x86.Build.0 = Debug|x86
		{C5269C6C-3A36-4946-83E9-EE8C994E333C}.Release|Any CPU.ActiveCfg = Release|Any CPU
		{C5269C6C-3A36-4946-83E9-EE8C994E333C}.Release|Any CPU.Build.0 = Release|Any CPU
		{C5269C6C-3A36-4946-83E9-EE8C994E333C}.Release|ARM.ActiveCfg = Release|Any CPU
		{C5269C6C-3A36-4946-83E9-EE8C994E333C}.Release|ARM.Build.0 = Release|Any CPU
		{C5269C6C-3A36-4946-83E9-EE8C994E333C}.Release|ARM64.ActiveCfg = Release|arm64
		{C5269C6C-3A36-4946-83E9-EE8C994E333C}.Release|ARM64.Build.0 = Release|arm64
		{C5269C6C-3A36-4946-83E9-EE8C994E333C}.Release|x64.ActiveCfg = Release|x64
		{C5269C6C-3A36-4946-83E9-EE8C994E333C}.Release|x64.Build.0 = Release|x64
		{C5269C6C-3A36-4946-83E9-EE8C994E333C}.Release|x86.ActiveCfg = Release|x86
		{C5269C6C-3A36-4946-83E9-EE8C994E333C}.Release|x86.Build.0 = Release|x86
	EndGlobalSection
	GlobalSection(SolutionProperties) = preSolution
		HideSolutionNode = FALSE
	EndGlobalSection
	GlobalSection(ExtensibilityGlobals) = postSolution
		SolutionGuid = {D09FD6CD-578E-43B1-A8A3-B8869B56CED6}
	EndGlobalSection
EndGlobal
